
Microsoft Visual Studio Solution File, Format Version 12.00
# Visual Studio Version 17
VisualStudioVersion = 17.13.35818.85
MinimumVisualStudioVersion = 10.0.40219.1
Project("{FAE04EC0-301F-11D3-BF4B-00C04F79EFBC}") = "Oportuniza.Domain", "Oportuniza.Domain\Oportuniza.Domain.csproj", "{E205CBA8-CC3B-4325-8A77-6FBC5B14A054}"
EndProject
Project("{FAE04EC0-301F-11D3-BF4B-00C04F79EFBC}") = "Oportuniza.Infrastructure", "Oportuniza.Infrastructure\Oportuniza.Infrastructure.csproj", "{5040F407-8178-4604-8E1C-447DA2C3E1C9}"
EndProject
Project("{FAE04EC0-301F-11D3-BF4B-00C04F79EFBC}") = "Oportuniza.API", "Oportuniza.API\Oportuniza.API.csproj", "{76238D36-5B59-441E-A158-D2B9F0A34955}"
EndProject
Global
	GlobalSection(SolutionConfigurationPlatforms) = preSolution
		Debug|Any CPU = Debug|Any CPU
		Release|Any CPU = Release|Any CPU
	EndGlobalSection
	GlobalSection(ProjectConfigurationPlatforms) = postSolution
		{E205CBA8-CC3B-4325-8A77-6FBC5B14A054}.Debug|Any CPU.ActiveCfg = Debug|Any CPU
		{E205CBA8-CC3B-4325-8A77-6FBC5B14A054}.Debug|Any CPU.Build.0 = Debug|Any CPU
		{E205CBA8-CC3B-4325-8A77-6FBC5B14A054}.Release|Any CPU.ActiveCfg = Release|Any CPU
		{E205CBA8-CC3B-4325-8A77-6FBC5B14A054}.Release|Any CPU.Build.0 = Release|Any CPU
		{5040F407-8178-4604-8E1C-447DA2C3E1C9}.Debug|Any CPU.ActiveCfg = Debug|Any CPU
		{5040F407-8178-4604-8E1C-447DA2C3E1C9}.Debug|Any CPU.Build.0 = Debug|Any CPU
		{5040F407-8178-4604-8E1C-447DA2C3E1C9}.Release|Any CPU.ActiveCfg = Release|Any CPU
		{5040F407-8178-4604-8E1C-447DA2C3E1C9}.Release|Any CPU.Build.0 = Release|Any CPU
		{76238D36-5B59-441E-A158-D2B9F0A34955}.Debug|Any CPU.ActiveCfg = Debug|Any CPU
		{76238D36-5B59-441E-A158-D2B9F0A34955}.Debug|Any CPU.Build.0 = Debug|Any CPU
		{76238D36-5B59-441E-A158-D2B9F0A34955}.Release|Any CPU.ActiveCfg = Release|Any CPU
		{76238D36-5B59-441E-A158-D2B9F0A34955}.Release|Any CPU.Build.0 = Release|Any CPU
	EndGlobalSection
	GlobalSection(SolutionProperties) = preSolution
		HideSolutionNode = FALSE
	EndGlobalSection
	GlobalSection(ExtensibilityGlobals) = postSolution
		SolutionGuid = {5C7190A3-D915-408C-A0AF-CB2377610B1A}
	EndGlobalSection
EndGlobal
